// !$*UTF8*$!
{
	archiveVersion = 1;
	classes = {
	};
	objectVersion = 55;
	objects = {

/* Begin PBXBuildFile section */
		C70C5ACC0ED9D2CFEAB67233 /* libPods-PZIndicatorHUD.a in Frameworks */ = {isa = PBXBuildFile; fileRef = 6A103E5172809DC69C4E27BA /* libPods-PZIndicatorHUD.a */; };
		F22A091D27C3B83600A8F005 /* PZSearchViewController.m in Sources */ = {isa = PBXBuildFile; fileRef = F22A091C27C3B83600A8F005 /* PZSearchViewController.m */; };
		F22A092027C3B86700A8F005 /* PZSearchSuggestionViewController.m in Sources */ = {isa = PBXBuildFile; fileRef = F22A091F27C3B86700A8F005 /* PZSearchSuggestionViewController.m */; };
		F22A092327C3BA3D00A8F005 /* PZSearchNormalViewController.m in Sources */ = {isa = PBXBuildFile; fileRef = F22A092227C3BA3D00A8F005 /* PZSearchNormalViewController.m */; };
		F22A092727C4846700A8F005 /* ic_search@3x.png in Resources */ = {isa = PBXBuildFile; fileRef = F22A092627C4846700A8F005 /* ic_search@3x.png */; };
		F22A092A27C5056B00A8F005 /* PZSearchNormalCell.m in Sources */ = {isa = PBXBuildFile; fileRef = F22A092927C5056B00A8F005 /* PZSearchNormalCell.m */; };
		F22A092D27C5063D00A8F005 /* UIColor+ZQSearch.m in Sources */ = {isa = PBXBuildFile; fileRef = F22A092C27C5063C00A8F005 /* UIColor+ZQSearch.m */; };
		F22A093127C5079D00A8F005 /* PZSearchHeaderView.m in Sources */ = {isa = PBXBuildFile; fileRef = F22A093027C5079D00A8F005 /* PZSearchHeaderView.m */; };
		F22A093327C508FB00A8F005 /* empty.png in Resources */ = {isa = PBXBuildFile; fileRef = F22A093227C508FB00A8F005 /* empty.png */; };
		F22A093627C60EAD00A8F005 /* PZSearchFlowLayout.m in Sources */ = {isa = PBXBuildFile; fileRef = F22A093527C60EAD00A8F005 /* PZSearchFlowLayout.m */; };
		F22A093927C611E100A8F005 /* PZSearchSuggestBaseCell.m in Sources */ = {isa = PBXBuildFile; fileRef = F22A093827C611E000A8F005 /* PZSearchSuggestBaseCell.m */; };
		F22A093C27C613DE00A8F005 /* PZSearchSuggestFuzzyCell.m in Sources */ = {isa = PBXBuildFile; fileRef = F22A093B27C613DE00A8F005 /* PZSearchSuggestFuzzyCell.m */; };
		F22A093F27C6157C00A8F005 /* PZSearchSuggestConcreteCell.m in Sources */ = {isa = PBXBuildFile; fileRef = F22A093E27C6157C00A8F005 /* PZSearchSuggestConcreteCell.m */; };
		F22A094227C62E0500A8F005 /* PZSearchSuggestModel.m in Sources */ = {isa = PBXBuildFile; fileRef = F22A094127C62E0500A8F005 /* PZSearchSuggestModel.m */; };
		F22A094427C62E9000A8F005 /* default@3x.png in Resources */ = {isa = PBXBuildFile; fileRef = F22A094327C62E9000A8F005 /* default@3x.png */; };
		F2BDF94427C6357D0076FE4D /* ic_back@2x.png in Resources */ = {isa = PBXBuildFile; fileRef = F2BDF94327C6357D0076FE4D /* ic_back@2x.png */; };
		F2C3FAD027BBE7AE00663DA0 /* AppDelegate.m in Sources */ = {isa = PBXBuildFile; fileRef = F2C3FACF27BBE7AE00663DA0 /* AppDelegate.m */; };
		F2C3FAD627BBE7AE00663DA0 /* ViewController.m in Sources */ = {isa = PBXBuildFile; fileRef = F2C3FAD527BBE7AE00663DA0 /* ViewController.m */; };
		F2C3FADB27BBE7B000663DA0 /* Assets.xcassets in Resources */ = {isa = PBXBuildFile; fileRef = F2C3FADA27BBE7B000663DA0 /* Assets.xcassets */; };
		F2C3FADE27BBE7B000663DA0 /* LaunchScreen.storyboard in Resources */ = {isa = PBXBuildFile; fileRef = F2C3FADC27BBE7B000663DA0 /* LaunchScreen.storyboard */; };
		F2C3FAE127BBE7B000663DA0 /* main.m in Sources */ = {isa = PBXBuildFile; fileRef = F2C3FAE027BBE7B000663DA0 /* main.m */; };
/* End PBXBuildFile section */

/* Begin PBXFileReference section */
		57E0FAD32489588429FCC4AD /* Pods-PZIndicatorHUD.release.xcconfig */ = {isa = PBXFileReference; includeInIndex = 1; lastKnownFileType = text.xcconfig; name = "Pods-PZIndicatorHUD.release.xcconfig"; path = "Target Support Files/Pods-PZIndicatorHUD/Pods-PZIndicatorHUD.release.xcconfig"; sourceTree = "<group>"; };
		6A103E5172809DC69C4E27BA /* libPods-PZIndicatorHUD.a */ = {isa = PBXFileReference; explicitFileType = archive.ar; includeInIndex = 0; path = "libPods-PZIndicatorHUD.a"; sourceTree = BUILT_PRODUCTS_DIR; };
		A1302891E4C7420AF1AD319C /* Pods-PZIndicatorHUD.debug.xcconfig */ = {isa = PBXFileReference; includeInIndex = 1; lastKnownFileType = text.xcconfig; name = "Pods-PZIndicatorHUD.debug.xcconfig"; path = "Target Support Files/Pods-PZIndicatorHUD/Pods-PZIndicatorHUD.debug.xcconfig"; sourceTree = "<group>"; };
		F22A091B27C3B83600A8F005 /* PZSearchViewController.h */ = {isa = PBXFileReference; lastKnownFileType = sourcecode.c.h; path = PZSearchViewController.h; sourceTree = "<group>"; };
		F22A091C27C3B83600A8F005 /* PZSearchViewController.m */ = {isa = PBXFileReference; lastKnownFileType = sourcecode.c.objc; path = PZSearchViewController.m; sourceTree = "<group>"; };
		F22A091E27C3B86700A8F005 /* PZSearchSuggestionViewController.h */ = {isa = PBXFileReference; lastKnownFileType = sourcecode.c.h; path = PZSearchSuggestionViewController.h; sourceTree = "<group>"; };
		F22A091F27C3B86700A8F005 /* PZSearchSuggestionViewController.m */ = {isa = PBXFileReference; lastKnownFileType = sourcecode.c.objc; path = PZSearchSuggestionViewController.m; sourceTree = "<group>"; };
		F22A092127C3BA3D00A8F005 /* PZSearchNormalViewController.h */ = {isa = PBXFileReference; lastKnownFileType = sourcecode.c.h; path = PZSearchNormalViewController.h; sourceTree = "<group>"; };
		F22A092227C3BA3D00A8F005 /* PZSearchNormalViewController.m */ = {isa = PBXFileReference; lastKnownFileType = sourcecode.c.objc; path = PZSearchNormalViewController.m; sourceTree = "<group>"; };
		F22A092427C3C08D00A8F005 /* PZSearchConst.h */ = {isa = PBXFileReference; lastKnownFileType = sourcecode.c.h; path = PZSearchConst.h; sourceTree = "<group>"; };
		F22A092627C4846700A8F005 /* ic_search@3x.png */ = {isa = PBXFileReference; lastKnownFileType = image.png; path = "ic_search@3x.png"; sourceTree = "<group>"; };
		F22A092827C5056B00A8F005 /* PZSearchNormalCell.h */ = {isa = PBXFileReference; lastKnownFileType = sourcecode.c.h; path = PZSearchNormalCell.h; sourceTree = "<group>"; };
		F22A092927C5056B00A8F005 /* PZSearchNormalCell.m */ = {isa = PBXFileReference; lastKnownFileType = sourcecode.c.objc; path = PZSearchNormalCell.m; sourceTree = "<group>"; };
		F22A092B27C5063C00A8F005 /* UIColor+ZQSearch.h */ = {isa = PBXFileReference; fileEncoding = 4; lastKnownFileType = sourcecode.c.h; path = "UIColor+ZQSearch.h"; sourceTree = "<group>"; };
		F22A092C27C5063C00A8F005 /* UIColor+ZQSearch.m */ = {isa = PBXFileReference; fileEncoding = 4; lastKnownFileType = sourcecode.c.objc; path = "UIColor+ZQSearch.m"; sourceTree = "<group>"; };
		F22A092F27C5079D00A8F005 /* PZSearchHeaderView.h */ = {isa = PBXFileReference; lastKnownFileType = sourcecode.c.h; path = PZSearchHeaderView.h; sourceTree = "<group>"; };
		F22A093027C5079D00A8F005 /* PZSearchHeaderView.m */ = {isa = PBXFileReference; lastKnownFileType = sourcecode.c.objc; path = PZSearchHeaderView.m; sourceTree = "<group>"; };
		F22A093227C508FB00A8F005 /* empty.png */ = {isa = PBXFileReference; lastKnownFileType = image.png; path = empty.png; sourceTree = "<group>"; };
		F22A093427C60EAD00A8F005 /* PZSearchFlowLayout.h */ = {isa = PBXFileReference; lastKnownFileType = sourcecode.c.h; path = PZSearchFlowLayout.h; sourceTree = "<group>"; };
		F22A093527C60EAD00A8F005 /* PZSearchFlowLayout.m */ = {isa = PBXFileReference; lastKnownFileType = sourcecode.c.objc; path = PZSearchFlowLayout.m; sourceTree = "<group>"; };
		F22A093727C611E000A8F005 /* PZSearchSuggestBaseCell.h */ = {isa = PBXFileReference; lastKnownFileType = sourcecode.c.h; path = PZSearchSuggestBaseCell.h; sourceTree = "<group>"; };
		F22A093827C611E000A8F005 /* PZSearchSuggestBaseCell.m */ = {isa = PBXFileReference; lastKnownFileType = sourcecode.c.objc; path = PZSearchSuggestBaseCell.m; sourceTree = "<group>"; };
		F22A093A27C613DE00A8F005 /* PZSearchSuggestFuzzyCell.h */ = {isa = PBXFileReference; lastKnownFileType = sourcecode.c.h; path = PZSearchSuggestFuzzyCell.h; sourceTree = "<group>"; };
		F22A093B27C613DE00A8F005 /* PZSearchSuggestFuzzyCell.m */ = {isa = PBXFileReference; lastKnownFileType = sourcecode.c.objc; path = PZSearchSuggestFuzzyCell.m; sourceTree = "<group>"; };
		F22A093D27C6157C00A8F005 /* PZSearchSuggestConcreteCell.h */ = {isa = PBXFileReference; lastKnownFileType = sourcecode.c.h; path = PZSearchSuggestConcreteCell.h; sourceTree = "<group>"; };
		F22A093E27C6157C00A8F005 /* PZSearchSuggestConcreteCell.m */ = {isa = PBXFileReference; lastKnownFileType = sourcecode.c.objc; path = PZSearchSuggestConcreteCell.m; sourceTree = "<group>"; };
		F22A094027C62E0500A8F005 /* PZSearchSuggestModel.h */ = {isa = PBXFileReference; lastKnownFileType = sourcecode.c.h; path = PZSearchSuggestModel.h; sourceTree = "<group>"; };
		F22A094127C62E0500A8F005 /* PZSearchSuggestModel.m */ = {isa = PBXFileReference; lastKnownFileType = sourcecode.c.objc; path = PZSearchSuggestModel.m; sourceTree = "<group>"; };
		F22A094327C62E9000A8F005 /* default@3x.png */ = {isa = PBXFileReference; lastKnownFileType = image.png; path = "default@3x.png"; sourceTree = "<group>"; };
		F2BDF94327C6357D0076FE4D /* ic_back@2x.png */ = {isa = PBXFileReference; lastKnownFileType = image.png; path = "ic_back@2x.png"; sourceTree = "<group>"; };
		F2C3FACB27BBE7AE00663DA0 /* PZIndicatorHUD.app */ = {isa = PBXFileReference; explicitFileType = wrapper.application; includeInIndex = 0; path = PZIndicatorHUD.app; sourceTree = BUILT_PRODUCTS_DIR; };
		F2C3FACE27BBE7AE00663DA0 /* AppDelegate.h */ = {isa = PBXFileReference; lastKnownFileType = sourcecode.c.h; path = AppDelegate.h; sourceTree = "<group>"; };
		F2C3FACF27BBE7AE00663DA0 /* AppDelegate.m */ = {isa = PBXFileReference; lastKnownFileType = sourcecode.c.objc; path = AppDelegate.m; sourceTree = "<group>"; };
		F2C3FAD427BBE7AE00663DA0 /* ViewController.h */ = {isa = PBXFileReference; lastKnownFileType = sourcecode.c.h; path = ViewController.h; sourceTree = "<group>"; };
		F2C3FAD527BBE7AE00663DA0 /* ViewController.m */ = {isa = PBXFileReference; lastKnownFileType = sourcecode.c.objc; path = ViewController.m; sourceTree = "<group>"; };
		F2C3FADA27BBE7B000663DA0 /* Assets.xcassets */ = {isa = PBXFileReference; lastKnownFileType = folder.assetcatalog; path = Assets.xcassets; sourceTree = "<group>"; };
		F2C3FADD27BBE7B000663DA0 /* Base */ = {isa = PBXFileReference; lastKnownFileType = file.storyboard; name = Base; path = Base.lproj/LaunchScreen.storyboard; sourceTree = "<group>"; };
		F2C3FADF27BBE7B000663DA0 /* Info.plist */ = {isa = PBXFileReference; lastKnownFileType = text.plist.xml; path = Info.plist; sourceTree = "<group>"; };
		F2C3FAE027BBE7B000663DA0 /* main.m */ = {isa = PBXFileReference; lastKnownFileType = sourcecode.c.objc; path = main.m; sourceTree = "<group>"; };
/* End PBXFileReference section */

/* Begin PBXFrameworksBuildPhase section */
		F2C3FAC827BBE7AE00663DA0 /* Frameworks */ = {
			isa = PBXFrameworksBuildPhase;
			buildActionMask = 2147483647;
			files = (
				C70C5ACC0ED9D2CFEAB67233 /* libPods-PZIndicatorHUD.a in Frameworks */,
			);
			runOnlyForDeploymentPostprocessing = 0;
		};
/* End PBXFrameworksBuildPhase section */

/* Begin PBXGroup section */
		B7A92509C5BA9889586BB0A2 /* Frameworks */ = {
			isa = PBXGroup;
			children = (
				6A103E5172809DC69C4E27BA /* libPods-PZIndicatorHUD.a */,
			);
			name = Frameworks;
			sourceTree = "<group>";
		};
		C9F1A500202FDB610D84EF59 /* Pods */ = {
			isa = PBXGroup;
			children = (
				A1302891E4C7420AF1AD319C /* Pods-PZIndicatorHUD.debug.xcconfig */,
				57E0FAD32489588429FCC4AD /* Pods-PZIndicatorHUD.release.xcconfig */,
			);
			path = Pods;
			sourceTree = "<group>";
		};
		F22A091727C3B70900A8F005 /* PZSearch */ = {
			isa = PBXGroup;
			children = (
				F22A092E27C5064100A8F005 /* Category */,
				F22A091A27C3B74300A8F005 /* Controller */,
				F22A091927C3B73D00A8F005 /* View */,
				F22A091827C3B72100A8F005 /* Model */,
				F22A092427C3C08D00A8F005 /* PZSearchConst.h */,
			);
			path = PZSearch;
			sourceTree = "<group>";
		};
		F22A091827C3B72100A8F005 /* Model */ = {
			isa = PBXGroup;
			children = (
			);
			path = Model;
			sourceTree = "<group>";
		};
		F22A091927C3B73D00A8F005 /* View */ = {
			isa = PBXGroup;
			children = (
				F22A092827C5056B00A8F005 /* PZSearchNormalCell.h */,
				F22A092927C5056B00A8F005 /* PZSearchNormalCell.m */,
				F22A092F27C5079D00A8F005 /* PZSearchHeaderView.h */,
				F22A093027C5079D00A8F005 /* PZSearchHeaderView.m */,
				F22A093427C60EAD00A8F005 /* PZSearchFlowLayout.h */,
				F22A093527C60EAD00A8F005 /* PZSearchFlowLayout.m */,
				F22A093727C611E000A8F005 /* PZSearchSuggestBaseCell.h */,
				F22A093827C611E000A8F005 /* PZSearchSuggestBaseCell.m */,
				F22A093A27C613DE00A8F005 /* PZSearchSuggestFuzzyCell.h */,
				F22A093B27C613DE00A8F005 /* PZSearchSuggestFuzzyCell.m */,
				F22A093D27C6157C00A8F005 /* PZSearchSuggestConcreteCell.h */,
				F22A093E27C6157C00A8F005 /* PZSearchSuggestConcreteCell.m */,
			);
			path = View;
			sourceTree = "<group>";
		};
		F22A091A27C3B74300A8F005 /* Controller */ = {
			isa = PBXGroup;
			children = (
				F22A091B27C3B83600A8F005 /* PZSearchViewController.h */,
				F22A091C27C3B83600A8F005 /* PZSearchViewController.m */,
				F22A091E27C3B86700A8F005 /* PZSearchSuggestionViewController.h */,
				F22A091F27C3B86700A8F005 /* PZSearchSuggestionViewController.m */,
				F22A092127C3BA3D00A8F005 /* PZSearchNormalViewController.h */,
				F22A092227C3BA3D00A8F005 /* PZSearchNormalViewController.m */,
			);
			path = Controller;
			sourceTree = "<group>";
		};
		F22A092527C4845700A8F005 /* Resources */ = {
			isa = PBXGroup;
			children = (
				F2BDF94327C6357D0076FE4D /* ic_back@2x.png */,
				F22A092627C4846700A8F005 /* ic_search@3x.png */,
				F22A093227C508FB00A8F005 /* empty.png */,
				F22A094327C62E9000A8F005 /* default@3x.png */,
			);
			path = Resources;
			sourceTree = "<group>";
		};
		F22A092E27C5064100A8F005 /* Category */ = {
			isa = PBXGroup;
			children = (
				F22A092B27C5063C00A8F005 /* UIColor+ZQSearch.h */,
				F22A092C27C5063C00A8F005 /* UIColor+ZQSearch.m */,
			);
			path = Category;
			sourceTree = "<group>";
		};
		F2C3FAC227BBE7AE00663DA0 = {
			isa = PBXGroup;
			children = (
				F2C3FACD27BBE7AE00663DA0 /* PZIndicatorHUD */,
				F2C3FACC27BBE7AE00663DA0 /* Products */,
				C9F1A500202FDB610D84EF59 /* Pods */,
				B7A92509C5BA9889586BB0A2 /* Frameworks */,
			);
			sourceTree = "<group>";
		};
		F2C3FACC27BBE7AE00663DA0 /* Products */ = {
			isa = PBXGroup;
			children = (
				F2C3FACB27BBE7AE00663DA0 /* PZIndicatorHUD.app */,
			);
			name = Products;
			sourceTree = "<group>";
		};
		F2C3FACD27BBE7AE00663DA0 /* PZIndicatorHUD */ = {
			isa = PBXGroup;
			children = (
				F22A092527C4845700A8F005 /* Resources */,
				F22A091727C3B70900A8F005 /* PZSearch */,
				F2C3FACE27BBE7AE00663DA0 /* AppDelegate.h */,
				F2C3FACF27BBE7AE00663DA0 /* AppDelegate.m */,
				F2C3FAD427BBE7AE00663DA0 /* ViewController.h */,
				F2C3FAD527BBE7AE00663DA0 /* ViewController.m */,
				F2C3FADA27BBE7B000663DA0 /* Assets.xcassets */,
				F2C3FADC27BBE7B000663DA0 /* LaunchScreen.storyboard */,
				F2C3FADF27BBE7B000663DA0 /* Info.plist */,
				F2C3FAE027BBE7B000663DA0 /* main.m */,
				F22A094027C62E0500A8F005 /* PZSearchSuggestModel.h */,
				F22A094127C62E0500A8F005 /* PZSearchSuggestModel.m */,
			);
			path = PZIndicatorHUD;
			sourceTree = "<group>";
		};
/* End PBXGroup section */

/* Begin PBXNativeTarget section */
		F2C3FACA27BBE7AE00663DA0 /* PZIndicatorHUD */ = {
			isa = PBXNativeTarget;
			buildConfigurationList = F2C3FAE427BBE7B000663DA0 /* Build configuration list for PBXNativeTarget "PZIndicatorHUD" */;
			buildPhases = (
				C1E04DF697141933B166A23F /* [CP] Check Pods Manifest.lock */,
				F2C3FAC727BBE7AE00663DA0 /* Sources */,
				F2C3FAC827BBE7AE00663DA0 /* Frameworks */,
				F2C3FAC927BBE7AE00663DA0 /* Resources */,
			);
			buildRules = (
			);
			dependencies = (
			);
			name = PZIndicatorHUD;
			productName = PZIndicatorHUD;
			productReference = F2C3FACB27BBE7AE00663DA0 /* PZIndicatorHUD.app */;
			productType = "com.apple.product-type.application";
		};
/* End PBXNativeTarget section */

/* Begin PBXProject section */
		F2C3FAC327BBE7AE00663DA0 /* Project object */ = {
			isa = PBXProject;
			attributes = {
				BuildIndependentTargetsInParallel = 1;
				LastUpgradeCheck = 1320;
				TargetAttributes = {
					F2C3FACA27BBE7AE00663DA0 = {
						CreatedOnToolsVersion = 13.2.1;
					};
				};
			};
			buildConfigurationList = F2C3FAC627BBE7AE00663DA0 /* Build configuration list for PBXProject "PZIndicatorHUD" */;
			compatibilityVersion = "Xcode 13.0";
			developmentRegion = en;
			hasScannedForEncodings = 0;
			knownRegions = (
				en,
				Base,
			);
			mainGroup = F2C3FAC227BBE7AE00663DA0;
			productRefGroup = F2C3FACC27BBE7AE00663DA0 /* Products */;
			projectDirPath = "";
			projectRoot = "";
			targets = (
				F2C3FACA27BBE7AE00663DA0 /* PZIndicatorHUD */,
			);
		};
/* End PBXProject section */

/* Begin PBXResourcesBuildPhase section */
		F2C3FAC927BBE7AE00663DA0 /* Resources */ = {
			isa = PBXResourcesBuildPhase;
			buildActionMask = 2147483647;
			files = (
				F2C3FADE27BBE7B000663DA0 /* LaunchScreen.storyboard in Resources */,
				F2C3FADB27BBE7B000663DA0 /* Assets.xcassets in Resources */,
				F22A094427C62E9000A8F005 /* default@3x.png in Resources */,
				F2BDF94427C6357D0076FE4D /* ic_back@2x.png in Resources */,
				F22A092727C4846700A8F005 /* ic_search@3x.png in Resources */,
				F22A093327C508FB00A8F005 /* empty.png in Resources */,
			);
			runOnlyForDeploymentPostprocessing = 0;
		};
/* End PBXResourcesBuildPhase section */

/* Begin PBXShellScriptBuildPhase section */
		C1E04DF697141933B166A23F /* [CP] Check Pods Manifest.lock */ = {
			isa = PBXShellScriptBuildPhase;
			buildActionMask = 2147483647;
			files = (
			);
			inputFileListPaths = (
			);
			inputPaths = (
				"${PODS_PODFILE_DIR_PATH}/Podfile.lock",
				"${PODS_ROOT}/Manifest.lock",
			);
			name = "[CP] Check Pods Manifest.lock";
			outputFileListPaths = (
			);
			outputPaths = (
				"$(DERIVED_FILE_DIR)/Pods-PZIndicatorHUD-checkManifestLockResult.txt",
			);
			runOnlyForDeploymentPostprocessing = 0;
			shellPath = /bin/sh;
			shellScript = "diff \"${PODS_PODFILE_DIR_PATH}/Podfile.lock\" \"${PODS_ROOT}/Manifest.lock\" > /dev/null\nif [ $? != 0 ] ; then\n    # print error to STDERR\n    echo \"error: The sandbox is not in sync with the Podfile.lock. Run 'pod install' or update your CocoaPods installation.\" >&2\n    exit 1\nfi\n# This output is used by Xcode 'outputs' to avoid re-running this script phase.\necho \"SUCCESS\" > \"${SCRIPT_OUTPUT_FILE_0}\"\n";
			showEnvVarsInLog = 0;
		};
/* End PBXShellScriptBuildPhase section */

/* Begin PBXSourcesBuildPhase section */
		F2C3FAC727BBE7AE00663DA0 /* Sources */ = {
			isa = PBXSourcesBuildPhase;
			buildActionMask = 2147483647;
			files = (
				F22A092A27C5056B00A8F005 /* PZSearchNormalCell.m in Sources */,
				F22A093927C611E100A8F005 /* PZSearchSuggestBaseCell.m in Sources */,
				F22A094227C62E0500A8F005 /* PZSearchSuggestModel.m in Sources */,
				F22A093127C5079D00A8F005 /* PZSearchHeaderView.m in Sources */,
				F2C3FAD627BBE7AE00663DA0 /* ViewController.m in Sources */,
				F2C3FAD027BBE7AE00663DA0 /* AppDelegate.m in Sources */,
				F22A092027C3B86700A8F005 /* PZSearchSuggestionViewController.m in Sources */,
				F22A091D27C3B83600A8F005 /* PZSearchViewController.m in Sources */,
				F22A093C27C613DE00A8F005 /* PZSearchSuggestFuzzyCell.m in Sources */,
				F2C3FAE127BBE7B000663DA0 /* main.m in Sources */,
				F22A093627C60EAD00A8F005 /* PZSearchFlowLayout.m in Sources */,
				F22A092D27C5063D00A8F005 /* UIColor+ZQSearch.m in Sources */,
				F22A092327C3BA3D00A8F005 /* PZSearchNormalViewController.m in Sources */,
				F22A093F27C6157C00A8F005 /* PZSearchSuggestConcreteCell.m in Sources */,
			);
			runOnlyForDeploymentPostprocessing = 0;
		};
/* End PBXSourcesBuildPhase section */

/* Begin PBXVariantGroup section */
		F2C3FADC27BBE7B000663DA0 /* LaunchScreen.storyboard */ = {
			isa = PBXVariantGroup;
			children = (
				F2C3FADD27BBE7B000663DA0 /* Base */,
			);
			name = LaunchScreen.storyboard;
			sourceTree = "<group>";
		};
/* End PBXVariantGroup section */

/* Begin XCBuildConfiguration section */
		F2C3FAE227BBE7B000663DA0 /* Debug */ = {
			isa = XCBuildConfiguration;
			buildSettings = {
				ALWAYS_SEARCH_USER_PATHS = NO;
				CLANG_ANALYZER_NONNULL = YES;
				CLANG_ANALYZER_NUMBER_OBJECT_CONVERSION = YES_AGGRESSIVE;
				CLANG_CXX_LANGUAGE_STANDARD = "gnu++17";
				CLANG_CXX_LIBRARY = "libc++";
				CLANG_ENABLE_MODULES = YES;
				CLANG_ENABLE_OBJC_ARC = YES;
				CLANG_ENABLE_OBJC_WEAK = YES;
				CLANG_WARN_BLOCK_CAPTURE_AUTORELEASING = YES;
				CLANG_WARN_BOOL_CONVERSION = YES;
				CLANG_WARN_COMMA = YES;
				CLANG_WARN_CONSTANT_CONVERSION = YES;
				CLANG_WARN_DEPRECATED_OBJC_IMPLEMENTATIONS = YES;
				CLANG_WARN_DIRECT_OBJC_ISA_USAGE = YES_ERROR;
				CLANG_WARN_DOCUMENTATION_COMMENTS = YES;
				CLANG_WARN_EMPTY_BODY = YES;
				CLANG_WARN_ENUM_CONVERSION = YES;
				CLANG_WARN_INFINITE_RECURSION = YES;
				CLANG_WARN_INT_CONVERSION = YES;
				CLANG_WARN_NON_LITERAL_NULL_CONVERSION = YES;
				CLANG_WARN_OBJC_IMPLICIT_RETAIN_SELF = YES;
				CLANG_WARN_OBJC_LITERAL_CONVERSION = YES;
				CLANG_WARN_OBJC_ROOT_CLASS = YES_ERROR;
				CLANG_WARN_QUOTED_INCLUDE_IN_FRAMEWORK_HEADER = YES;
				CLANG_WARN_RANGE_LOOP_ANALYSIS = YES;
				CLANG_WARN_STRICT_PROTOTYPES = YES;
				CLANG_WARN_SUSPICIOUS_MOVE = YES;
				CLANG_WARN_UNGUARDED_AVAILABILITY = YES_AGGRESSIVE;
				CLANG_WARN_UNREACHABLE_CODE = YES;
				CLANG_WARN__DUPLICATE_METHOD_MATCH = YES;
				COPY_PHASE_STRIP = NO;
				DEBUG_INFORMATION_FORMAT = dwarf;
				ENABLE_STRICT_OBJC_MSGSEND = YES;
				ENABLE_TESTABILITY = YES;
				GCC_C_LANGUAGE_STANDARD = gnu11;
				GCC_DYNAMIC_NO_PIC = NO;
				GCC_NO_COMMON_BLOCKS = YES;
				GCC_OPTIMIZATION_LEVEL = 0;
				GCC_PREPROCESSOR_DEFINITIONS = (
					"DEBUG=1",
					"$(inherited)",
				);
				GCC_WARN_64_TO_32_BIT_CONVERSION = YES;
				GCC_WARN_ABOUT_RETURN_TYPE = YES_ERROR;
				GCC_WARN_UNDECLARED_SELECTOR = YES;
				GCC_WARN_UNINITIALIZED_AUTOS = YES_AGGRESSIVE;
				GCC_WARN_UNUSED_FUNCTION = YES;
				GCC_WARN_UNUSED_VARIABLE = YES;
				IPHONEOS_DEPLOYMENT_TARGET = 15.2;
				MTL_ENABLE_DEBUG_INFO = INCLUDE_SOURCE;
				MTL_FAST_MATH = YES;
				ONLY_ACTIVE_ARCH = YES;
				SDKROOT = iphoneos;
			};
			name = Debug;
		};
		F2C3FAE327BBE7B000663DA0 /* Release */ = {
			isa = XCBuildConfiguration;
			buildSettings = {
				ALWAYS_SEARCH_USER_PATHS = NO;
				CLANG_ANALYZER_NONNULL = YES;
				CLANG_ANALYZER_NUMBER_OBJECT_CONVERSION = YES_AGGRESSIVE;
				CLANG_CXX_LANGUAGE_STANDARD = "gnu++17";
				CLANG_CXX_LIBRARY = "libc++";
				CLANG_ENABLE_MODULES = YES;
				CLANG_ENABLE_OBJC_ARC = YES;
				CLANG_ENABLE_OBJC_WEAK = YES;
				CLANG_WARN_BLOCK_CAPTURE_AUTORELEASING = YES;
				CLANG_WARN_BOOL_CONVERSION = YES;
				CLANG_WARN_COMMA = YES;
				CLANG_WARN_CONSTANT_CONVERSION = YES;
				CLANG_WARN_DEPRECATED_OBJC_IMPLEMENTATIONS = YES;
				CLANG_WARN_DIRECT_OBJC_ISA_USAGE = YES_ERROR;
				CLANG_WARN_DOCUMENTATION_COMMENTS = YES;
				CLANG_WARN_EMPTY_BODY = YES;
				CLANG_WARN_ENUM_CONVERSION = YES;
				CLANG_WARN_INFINITE_RECURSION = YES;
				CLANG_WARN_INT_CONVERSION = YES;
				CLANG_WARN_NON_LITERAL_NULL_CONVERSION = YES;
				CLANG_WARN_OBJC_IMPLICIT_RETAIN_SELF = YES;
				CLANG_WARN_OBJC_LITERAL_CONVERSION = YES;
				CLANG_WARN_OBJC_ROOT_CLASS = YES_ERROR;
				CLANG_WARN_QUOTED_INCLUDE_IN_FRAMEWORK_HEADER = YES;
				CLANG_WARN_RANGE_LOOP_ANALYSIS = YES;
				CLANG_WARN_STRICT_PROTOTYPES = YES;
				CLANG_WARN_SUSPICIOUS_MOVE = YES;
				CLANG_WARN_UNGUARDED_AVAILABILITY = YES_AGGRESSIVE;
				CLANG_WARN_UNREACHABLE_CODE = YES;
				CLANG_WARN__DUPLICATE_METHOD_MATCH = YES;
				COPY_PHASE_STRIP = NO;
				DEBUG_INFORMATION_FORMAT = "dwarf-with-dsym";
				ENABLE_NS_ASSERTIONS = NO;
				ENABLE_STRICT_OBJC_MSGSEND = YES;
				GCC_C_LANGUAGE_STANDARD = gnu11;
				GCC_NO_COMMON_BLOCKS = YES;
				GCC_WARN_64_TO_32_BIT_CONVERSION = YES;
				GCC_WARN_ABOUT_RETURN_TYPE = YES_ERROR;
				GCC_WARN_UNDECLARED_SELECTOR = YES;
				GCC_WARN_UNINITIALIZED_AUTOS = YES_AGGRESSIVE;
				GCC_WARN_UNUSED_FUNCTION = YES;
				GCC_WARN_UNUSED_VARIABLE = YES;
				IPHONEOS_DEPLOYMENT_TARGET = 15.2;
				MTL_ENABLE_DEBUG_INFO = NO;
				MTL_FAST_MATH = YES;
				SDKROOT = iphoneos;
				VALIDATE_PRODUCT = YES;
			};
			name = Release;
		};
		F2C3FAE527BBE7B000663DA0 /* Debug */ = {
			isa = XCBuildConfiguration;
			baseConfigurationReference = A1302891E4C7420AF1AD319C /* Pods-PZIndicatorHUD.debug.xcconfig */;
			buildSettings = {
				ASSETCATALOG_COMPILER_APPICON_NAME = AppIcon;
				ASSETCATALOG_COMPILER_GLOBAL_ACCENT_COLOR_NAME = AccentColor;
				CODE_SIGN_STYLE = Automatic;
				CURRENT_PROJECT_VERSION = 1;
				GENERATE_INFOPLIST_FILE = YES;
				INFOPLIST_FILE = PZIndicatorHUD/Info.plist;
				INFOPLIST_KEY_CFBundleDisplayName = PZDropDownMenu;
				INFOPLIST_KEY_UIApplicationSupportsIndirectInputEvents = YES;
				INFOPLIST_KEY_UILaunchStoryboardName = LaunchScreen;
				INFOPLIST_KEY_UISupportedInterfaceOrientations_iPad = "UIInterfaceOrientationPortrait UIInterfaceOrientationPortraitUpsideDown UIInterfaceOrientationLandscapeLeft UIInterfaceOrientationLandscapeRight";
				INFOPLIST_KEY_UISupportedInterfaceOrientations_iPhone = "UIInterfaceOrientationPortrait UIInterfaceOrientationLandscapeLeft UIInterfaceOrientationLandscapeRight";
				LD_RUNPATH_SEARCH_PATHS = (
					"$(inherited)",
					"@executable_path/Frameworks",
				);
				MARKETING_VERSION = 1.0;
				PRODUCT_BUNDLE_IDENTIFIER = com.lpz.www.PZDropDownMenu;
				PRODUCT_NAME = "$(TARGET_NAME)";
				SWIFT_EMIT_LOC_STRINGS = YES;
				TARGETED_DEVICE_FAMILY = "1,2";
			};
			name = Debug;
		};
		F2C3FAE627BBE7B000663DA0 /* Release */ = {
			isa = XCBuildConfiguration;
			baseConfigurationReference = 57E0FAD32489588429FCC4AD /* Pods-PZIndicatorHUD.release.xcconfig */;
			buildSettings = {
				ASSETCATALOG_COMPILER_APPICON_NAME = AppIcon;
				ASSETCATALOG_COMPILER_GLOBAL_ACCENT_COLOR_NAME = AccentColor;
				CODE_SIGN_STYLE = Automatic;
				CURRENT_PROJECT_VERSION = 1;
				GENERATE_INFOPLIST_FILE = YES;
				INFOPLIST_FILE = PZIndicatorHUD/Info.plist;
				INFOPLIST_KEY_CFBundleDisplayName = PZDropDownMenu;
				INFOPLIST_KEY_UIApplicationSupportsIndirectInputEvents = YES;
				INFOPLIST_KEY_UILaunchStoryboardName = LaunchScreen;
				INFOPLIST_KEY_UISupportedInterfaceOrientations_iPad = "UIInterfaceOrientationPortrait UIInterfaceOrientationPortraitUpsideDown UIInterfaceOrientationLandscapeLeft UIInterfaceOrientationLandscapeRight";
				INFOPLIST_KEY_UISupportedInterfaceOrientations_iPhone = "UIInterfaceOrientationPortrait UIInterfaceOrientationLandscapeLeft UIInterfaceOrientationLandscapeRight";
				LD_RUNPATH_SEARCH_PATHS = (
					"$(inherited)",
					"@executable_path/Frameworks",
				);
				MARKETING_VERSION = 1.0;
				PRODUCT_BUNDLE_IDENTIFIER = com.lpz.www.PZDropDownMenu;
				PRODUCT_NAME = "$(TARGET_NAME)";
				SWIFT_EMIT_LOC_STRINGS = YES;
				TARGETED_DEVICE_FAMILY = "1,2";
			};
			name = Release;
		};
/* End XCBuildConfiguration section */

/* Begin XCConfigurationList section */
		F2C3FAC627BBE7AE00663DA0 /* Build configuration list for PBXProject "PZIndicatorHUD" */ = {
			isa = XCConfigurationList;
			buildConfigurations = (
				F2C3FAE227BBE7B000663DA0 /* Debug */,
				F2C3FAE327BBE7B000663DA0 /* Release */,
			);
			defaultConfigurationIsVisible = 0;
			defaultConfigurationName = Release;
		};
		F2C3FAE427BBE7B000663DA0 /* Build configuration list for PBXNativeTarget "PZIndicatorHUD" */ = {
			isa = XCConfigurationList;
			buildConfigurations = (
				F2C3FAE527BBE7B000663DA0 /* Debug */,
				F2C3FAE627BBE7B000663DA0 /* Release */,
			);
			defaultConfigurationIsVisible = 0;
			defaultConfigurationName = Release;
		};
/* End XCConfigurationList section */
	};
	rootObject = F2C3FAC327BBE7AE00663DA0 /* Project object */;
}
